// !$*UTF8*$!
{
	archiveVersion = 1;
	classes = {
	};
	objectVersion = 56;
	objects = {

/* Begin PBXBuildFile section */
		B4E8A41674B5A8D454E09482 /* GoogleService-Info.plist */ = {isa = PBXBuildFile; fileRef = B4E8A41674B5A8D454E09481 /* GoogleService-Info.plist */; };
		5C41F76D2FB762AD002814AC /* EduGuessApp.swift in Sources */ = {isa = PBXBuildFile; fileRef = 5C41F76C2FB762AD002814AC /* EduGuessApp.swift */; };
		5C41F7712FB762AF002814AC /* Assets.xcassets in Resources */ = {isa = PBXBuildFile; fileRef = 5C41F7702FB762AF002814AC /* Assets.xcassets */; };
		5C41F7742FB762AF002814AC /* Preview Assets.xcassets in Resources */ = {isa = PBXBuildFile; fileRef = 5C41F7732FB762AF002814AC /* Preview Assets.xcassets */; };
		5C41F7822FB76392002814AC /* Character.swift in Sources */ = {isa = PBXBuildFile; fileRef = 5C41F7812FB76392002814AC /* Character.swift */; };
		5C41F7842FB763AD002814AC /* Question.swift in Sources */ = {isa = PBXBuildFile; fileRef = 5C41F7832FB763AD002814AC /* Question.swift */; };
		5C41F7862FB763BF002814AC /* GameState.swift in Sources */ = {isa = PBXBuildFile; fileRef = 5C41F7852FB763BF002814AC /* GameState.swift */; };
		5C41F7882FB7644B002814AC /* SplashView.swift in Sources */ = {isa = PBXBuildFile; fileRef = 5C41F7872FB7644B002814AC /* SplashView.swift */; };
		5C41F78A2FB7645C002814AC /* HomeView.swift in Sources */ = {isa = PBXBuildFile; fileRef = 5C41F7892FB7645C002814AC /* HomeView.swift */; };
		5C41F78C2FB76483002814AC /* QuestionView.swift in Sources */ = {isa = PBXBuildFile; fileRef = 5C41F78B2FB76483002814AC /* QuestionView.swift */; };
		5C41F78E2FB76495002814AC /* CorrectGuessView.swift in Sources */ = {isa = PBXBuildFile; fileRef = 5C41F78D2FB76495002814AC /* CorrectGuessView.swift */; };
		5C41F7902FB764A7002814AC /* WrongGuessView.swift in Sources */ = {isa = PBXBuildFile; fileRef = 5C41F78F2FB764A7002814AC /* WrongGuessView.swift */; };
		5C41F7922FB76722002814AC /* GameViewModel.swift in Sources */ = {isa = PBXBuildFile; fileRef = 5C41F7912FB76722002814AC /* GameViewModel.swift */; };
		5C41F7942FB7674F002814AC /* AIService.swift in Sources */ = {isa = PBXBuildFile; fileRef = 5C41F7932FB7674F002814AC /* AIService.swift */; };
		5C41F7962FB76760002814AC /* DataService.swift in Sources */ = {isa = PBXBuildFile; fileRef = 5C41F7952FB76760002814AC /* DataService.swift */; };
		5C41F7982FB768B3002814AC /* AnswerButton.swift in Sources */ = {isa = PBXBuildFile; fileRef = 5C41F7972FB768B3002814AC /* AnswerButton.swift */; };
		5C41F79A2FB768C5002814AC /* ProgressBar.swift in Sources */ = {isa = PBXBuildFile; fileRef = 5C41F7992FB768C5002814AC /* ProgressBar.swift */; };
		5C41F79C2FB768D7002814AC /* QuestionCard.swift in Sources */ = {isa = PBXBuildFile; fileRef = 5C41F79B2FB768D7002814AC /* QuestionCard.swift */; };
		5C41F79E2FB768E6002814AC /* RobotAvatar.swift in Sources */ = {isa = PBXBuildFile; fileRef = 5C41F79D2FB768E6002814AC /* RobotAvatar.swift */; };
		5C41F7A12FB768F5002814AC /* AttributeDefinition.swift in Sources */ = {isa = PBXBuildFile; fileRef = 5C41F7A32FB768F5002814AC /* AttributeDefinition.swift */; };
		8419A8F92FE22A4E00F1F187 /* FirebaseAuth in Frameworks */ = {isa = PBXBuildFile; productRef = 8419A8F82FE22A4E00F1F187 /* FirebaseAuth */; };
		8419A8FB2FE22A4E00F1F187 /* FirebaseFirestore in Frameworks */ = {isa = PBXBuildFile; productRef = 8419A8FA2FE22A4E00F1F187 /* FirebaseFirestore */; };
		cfa353fcb4e942f2aaeeb688 /* GoogleSignIn in Frameworks */ = {isa = PBXBuildFile; productRef = 5c3b6a19cf7a475cb1839454 /* GoogleSignIn */; };
		1bb9053c72184407a067ee7e /* FacebookLogin in Frameworks */ = {isa = PBXBuildFile; productRef = 5a8835a1e9f34b82b9d6f9d7 /* FacebookLogin */; };
		8419A9092FE24BF700F1F187 /* AuthViewModel.swift in Sources */ = {isa = PBXBuildFile; fileRef = 8419A9082FE24BF700F1F187 /* AuthViewModel.swift */; };
		8419A90C2FE24C0E00F1F187 /* ProfileView.swift in Sources */ = {isa = PBXBuildFile; fileRef = 8419A90B2FE24C0E00F1F187 /* ProfileView.swift */; };
		8419A90D2FE24C0E00F1F187 /* LoginView.swift in Sources */ = {isa = PBXBuildFile; fileRef = 8419A90A2FE24C0E00F1F187 /* LoginView.swift */; };
		8419A90F2FE24C1C00F1F187 /* LeaderboardView.swift in Sources */ = {isa = PBXBuildFile; fileRef = 8419A90E2FE24C1C00F1F187 /* LeaderboardView.swift */; };
		8419A9112FE24C3000F1F187 /* UserStats.swift in Sources */ = {isa = PBXBuildFile; fileRef = 8419A9102FE24C3000F1F187 /* UserStats.swift */; };
		8419A9132FE24C4D00F1F187 /* characters_seed.json in Resources */ = {isa = PBXBuildFile; fileRef = 8419A9122FE24C4D00F1F187 /* characters_seed.json */; };
		8419A9152FE2511300F1F187 /* FirestoreService.swift in Sources */ = {isa = PBXBuildFile; fileRef = 8419A9142FE2511300F1F187 /* FirestoreService.swift */; };
		8419A9172FE2511E00F1F187 /* FirebaseAuthService.swift in Sources */ = {isa = PBXBuildFile; fileRef = 8419A9162FE2511E00F1F187 /* FirebaseAuthService.swift */; };
		8419A9192FE2512800F1F187 /* SeedManager.swift in Sources */ = {isa = PBXBuildFile; fileRef = 8419A9182FE2512800F1F187 /* SeedManager.swift */; };
		98e48cbe44e8485e9a1464a6 /* AppDelegate.swift in Sources */ = {isa = PBXBuildFile; fileRef = 67865319debd451d8b493235 /* AppDelegate.swift */; };
		FEAF48DCE3154B65892897D9 /* CharacterListView.swift in Sources */ = {isa = PBXBuildFile; fileRef = C428B220D8BA4ECABF9879E8 /* CharacterListView.swift */; };
		B5453B7F1C7641FFAF3FB259 /* CharacterDetailView.swift in Sources */ = {isa = PBXBuildFile; fileRef = D2E02DB655844E50B1B66728 /* CharacterDetailView.swift */; };
		C7C2ADFDDD94430DB97A19A0 /* GameHistoryView.swift in Sources */ = {isa = PBXBuildFile; fileRef = E276652CED174BEB98DBF878 /* GameHistoryView.swift */; };
		8C71CE50D731437E8B47B15B /* GameSessionDetailView.swift in Sources */ = {isa = PBXBuildFile; fileRef = 59E5ECBEC6F1489D813B0116 /* GameSessionDetailView.swift */; };
		6CE7160249AB483D9A8D6F46 /* AdminListView.swift in Sources */ = {isa = PBXBuildFile; fileRef = 2D46A660E6874ECB87893C27 /* AdminListView.swift */; };
		D64C67AB393B4E018564288A /* CharacterFormView.swift in Sources */ = {isa = PBXBuildFile; fileRef = 62734DE69DD34D1780A5F915 /* CharacterFormView.swift */; };
		A67B8E0289774930AAA1FCF8 /* CategorySelectView.swift in Sources */ = {isa = PBXBuildFile; fileRef = BDA2CEB9F95A45AFA67762E7 /* CategorySelectView.swift */; };
		0AD40F38C1FE48DCAEE496C3 /* WikiService.swift in Sources */ = {isa = PBXBuildFile; fileRef = 2ED9F57B001B4063966C482B /* WikiService.swift */; };
		FD06A686BE114853AD42D551 /* HowToPlayView.swift in Sources */ = {isa = PBXBuildFile; fileRef = 0A87B4F200274C708E1E9615 /* HowToPlayView.swift */; };
		0F7ECD3786BF49CF9EA14C42 /* SettingsView.swift in Sources */ = {isa = PBXBuildFile; fileRef = 50B5A02971A848A5B8612E68 /* SettingsView.swift */; };
		4CB03316082D4124907A516B /* ToastView.swift in Sources */ = {isa = PBXBuildFile; fileRef = BBF76C0802FA48A8A33CAF73 /* ToastView.swift */; };
		FC01F65A1F02407DA8520A0D /* NetworkMonitor.swift in Sources */ = {isa = PBXBuildFile; fileRef = 49C0D28B1AE348E8AF898FBF /* NetworkMonitor.swift */; };
		D3E4F5A6B7C8D9E0 /* DailyChallengeService.swift in Sources */ = {isa = PBXBuildFile; fileRef = B1F2A3B4C5D6E7F8 /* DailyChallengeService.swift */; };
		E4F5A6B7C8D9E0F1 /* DailyChallengeView.swift in Sources */ = {isa = PBXBuildFile; fileRef = C2D3E4F5A6B7C8D9 /* DailyChallengeView.swift */; };
		A6B7C8D9E0F1A2B3 /* ThemeManager.swift in Sources */ = {isa = PBXBuildFile; fileRef = F5A6B7C8D9E0F1A2 /* ThemeManager.swift */; };
		C8D9E0F1A2B3C4D5 /* PublicProfileView.swift in Sources */ = {isa = PBXBuildFile; fileRef = B7C8D9E0F1A2B3C4 /* PublicProfileView.swift */; };
		E0F1A2B3C4D5E6F7 /* CharacterImportService.swift in Sources */ = {isa = PBXBuildFile; fileRef = D9E0F1A2B3C4D5E6 /* CharacterImportService.swift */; };
		F1A2B3C4D5E6F7A1 /* NotificationService.swift in Sources */ = {isa = PBXBuildFile; fileRef = A1B2C3D4E5F6A7B8 /* NotificationService.swift */; };
		A3B4C5D6E7F8A1B2 /* AchievementService.swift in Sources */ = {isa = PBXBuildFile; fileRef = F2A3B4C5D6E7F8A2 /* AchievementService.swift */; };
		C5D6E7F8A1B2C3D4 /* AchievementListView.swift in Sources */ = {isa = PBXBuildFile; fileRef = B4C5D6E7F8A1B2C3 /* AchievementListView.swift */; };
		E7F8A1B2C3D4E5F6 /* CommentsView.swift in Sources */ = {isa = PBXBuildFile; fileRef = D6E7F8A1B2C3D4E5 /* CommentsView.swift */; };
		A4B5C6D7E8F9A0B2 /* AvatarView.swift in Sources */ = {isa = PBXBuildFile; fileRef = A4B5C6D7E8F9A0B1 /* AvatarView.swift */; };
		B6C7D8E9F1A2B3C4 /* StatisticsView.swift in Sources */ = {isa = PBXBuildFile; fileRef = C7D8E9F1A2B3C4D5 /* StatisticsView.swift */; };
/* End PBXBuildFile section */

/* Begin PBXFileReference section */
		5C41F7692FB762AD002814AC /* EduGuess.app */ = {isa = PBXFileReference; explicitFileType = wrapper.application; includeInIndex = 0; path = EduGuess.app; sourceTree = BUILT_PRODUCTS_DIR; };
		5C41F76C2FB762AD002814AC /* EduGuessApp.swift */ = {isa = PBXFileReference; lastKnownFileType = sourcecode.swift; path = EduGuessApp.swift; sourceTree = "<group>"; };
		5C41F7702FB762AF002814AC /* Assets.xcassets */ = {isa = PBXFileReference; lastKnownFileType = folder.assetcatalog; path = Assets.xcassets; sourceTree = "<group>"; };
		5C41F7732FB762AF002814AC /* Preview Assets.xcassets */ = {isa = PBXFileReference; lastKnownFileType = folder.assetcatalog; path = "Preview Assets.xcassets"; sourceTree = "<group>"; };
		5C41F7812FB76392002814AC /* Character.swift */ = {isa = PBXFileReference; lastKnownFileType = sourcecode.swift; path = Character.swift; sourceTree = "<group>"; };
		5C41F7832FB763AD002814AC /* Question.swift */ = {isa = PBXFileReference; lastKnownFileType = sourcecode.swift; path = Question.swift; sourceTree = "<group>"; };
		5C41F7852FB763BF002814AC /* GameState.swift */ = {isa = PBXFileReference; lastKnownFileType = sourcecode.swift; path = GameState.swift; sourceTree = "<group>"; };
		5C41F7872FB7644B002814AC /* SplashView.swift */ = {isa = PBXFileReference; lastKnownFileType = sourcecode.swift; path = SplashView.swift; sourceTree = "<group>"; };
		5C41F7892FB7645C002814AC /* HomeView.swift */ = {isa = PBXFileReference; lastKnownFileType = sourcecode.swift; path = HomeView.swift; sourceTree = "<group>"; };
		5C41F78B2FB76483002814AC /* QuestionView.swift */ = {isa = PBXFileReference; lastKnownFileType = sourcecode.swift; path = QuestionView.swift; sourceTree = "<group>"; };
		5C41F78D2FB76495002814AC /* CorrectGuessView.swift */ = {isa = PBXFileReference; lastKnownFileType = sourcecode.swift; path = CorrectGuessView.swift; sourceTree = "<group>"; };
		5C41F78F2FB764A7002814AC /* WrongGuessView.swift */ = {isa = PBXFileReference; lastKnownFileType = sourcecode.swift; path = WrongGuessView.swift; sourceTree = "<group>"; };
		5C41F7912FB76722002814AC /* GameViewModel.swift */ = {isa = PBXFileReference; lastKnownFileType = sourcecode.swift; path = GameViewModel.swift; sourceTree = "<group>"; };
		5C41F7932FB7674F002814AC /* AIService.swift */ = {isa = PBXFileReference; lastKnownFileType = sourcecode.swift; path = AIService.swift; sourceTree = "<group>"; };
		5C41F7952FB76760002814AC /* DataService.swift */ = {isa = PBXFileReference; lastKnownFileType = sourcecode.swift; path = DataService.swift; sourceTree = "<group>"; };
		5C41F7972FB768B3002814AC /* AnswerButton.swift */ = {isa = PBXFileReference; lastKnownFileType = sourcecode.swift; path = AnswerButton.swift; sourceTree = "<group>"; };
		5C41F7992FB768C5002814AC /* ProgressBar.swift */ = {isa = PBXFileReference; lastKnownFileType = sourcecode.swift; path = ProgressBar.swift; sourceTree = "<group>"; };
		5C41F79B2FB768D7002814AC /* QuestionCard.swift */ = {isa = PBXFileReference; lastKnownFileType = sourcecode.swift; path = QuestionCard.swift; sourceTree = "<group>"; };
		5C41F79D2FB768E6002814AC /* RobotAvatar.swift */ = {isa = PBXFileReference; lastKnownFileType = sourcecode.swift; path = RobotAvatar.swift; sourceTree = "<group>"; };
		5C41F7A32FB768F5002814AC /* AttributeDefinition.swift */ = {isa = PBXFileReference; lastKnownFileType = sourcecode.swift; path = AttributeDefinition.swift; sourceTree = "<group>"; };
		8419A9082FE24BF700F1F187 /* AuthViewModel.swift */ = {isa = PBXFileReference; lastKnownFileType = sourcecode.swift; path = AuthViewModel.swift; sourceTree = "<group>"; };
		8419A90A2FE24C0E00F1F187 /* LoginView.swift */ = {isa = PBXFileReference; lastKnownFileType = sourcecode.swift; path = LoginView.swift; sourceTree = "<group>"; };
		8419A90B2FE24C0E00F1F187 /* ProfileView.swift */ = {isa = PBXFileReference; lastKnownFileType = sourcecode.swift; path = ProfileView.swift; sourceTree = "<group>"; };
		8419A90E2FE24C1C00F1F187 /* LeaderboardView.swift */ = {isa = PBXFileReference; lastKnownFileType = sourcecode.swift; path = LeaderboardView.swift; sourceTree = "<group>"; };
		8419A9102FE24C3000F1F187 /* UserStats.swift */ = {isa = PBXFileReference; lastKnownFileType = sourcecode.swift; path = UserStats.swift; sourceTree = "<group>"; };
		8419A9122FE24C4D00F1F187 /* characters_seed.json */ = {isa = PBXFileReference; lastKnownFileType = text.json; path = characters_seed.json; sourceTree = "<group>"; };
		8419A9142FE2511300F1F187 /* FirestoreService.swift */ = {isa = PBXFileReference; lastKnownFileType = sourcecode.swift; path = FirestoreService.swift; sourceTree = "<group>"; };
		8419A9162FE2511E00F1F187 /* FirebaseAuthService.swift */ = {isa = PBXFileReference; lastKnownFileType = sourcecode.swift; path = FirebaseAuthService.swift; sourceTree = "<group>"; };
		8419A9182FE2512800F1F187 /* SeedManager.swift */ = {isa = PBXFileReference; lastKnownFileType = sourcecode.swift; path = SeedManager.swift; sourceTree = "<group>"; };
		B4E8A41674B5A8D454E09481 /* GoogleService-Info.plist */ = {isa = PBXFileReference; lastKnownFileType = text.plist.xml; path = "GoogleService-Info.plist"; sourceTree = "<group>"; };
		67865319debd451d8b493235 /* AppDelegate.swift */ = {isa = PBXFileReference; lastKnownFileType = sourcecode.swift; path = AppDelegate.swift; sourceTree = "<group>"; };
		849f1b2a9c3d4e5f6a7b8c9d /* Info.plist */ = {isa = PBXFileReference; lastKnownFileType = text.plist.xml; path = Info.plist; sourceTree = "<group>"; };
		C428B220D8BA4ECABF9879E8 /* CharacterListView.swift */ = {isa = PBXFileReference; lastKnownFileType = sourcecode.swift; path = CharacterListView.swift; sourceTree = "<group>"; };
		D2E02DB655844E50B1B66728 /* CharacterDetailView.swift */ = {isa = PBXFileReference; lastKnownFileType = sourcecode.swift; path = CharacterDetailView.swift; sourceTree = "<group>"; };
		E276652CED174BEB98DBF878 /* GameHistoryView.swift */ = {isa = PBXFileReference; lastKnownFileType = sourcecode.swift; path = GameHistoryView.swift; sourceTree = "<group>"; };
		59E5ECBEC6F1489D813B0116 /* GameSessionDetailView.swift */ = {isa = PBXFileReference; lastKnownFileType = sourcecode.swift; path = GameSessionDetailView.swift; sourceTree = "<group>"; };
		2D46A660E6874ECB87893C27 /* AdminListView.swift */ = {isa = PBXFileReference; lastKnownFileType = sourcecode.swift; path = AdminListView.swift; sourceTree = "<group>"; };
		62734DE69DD34D1780A5F915 /* CharacterFormView.swift */ = {isa = PBXFileReference; lastKnownFileType = sourcecode.swift; path = CharacterFormView.swift; sourceTree = "<group>"; };
		BDA2CEB9F95A45AFA67762E7 /* CategorySelectView.swift */ = {isa = PBXFileReference; lastKnownFileType = sourcecode.swift; path = CategorySelectView.swift; sourceTree = "<group>"; };
		0A87B4F200274C708E1E9615 /* HowToPlayView.swift */ = {isa = PBXFileReference; lastKnownFileType = sourcecode.swift; path = HowToPlayView.swift; sourceTree = "<group>"; };
		50B5A02971A848A5B8612E68 /* SettingsView.swift */ = {isa = PBXFileReference; lastKnownFileType = sourcecode.swift; path = SettingsView.swift; sourceTree = "<group>"; };
		2ED9F57B001B4063966C482B /* WikiService.swift */ = {isa = PBXFileReference; lastKnownFileType = sourcecode.swift; path = WikiService.swift; sourceTree = "<group>"; };
		BBF76C0802FA48A8A33CAF73 /* ToastView.swift */ = {isa = PBXFileReference; lastKnownFileType = sourcecode.swift; path = ToastView.swift; sourceTree = "<group>"; };
		49C0D28B1AE348E8AF898FBF /* NetworkMonitor.swift */ = {isa = PBXFileReference; lastKnownFileType = sourcecode.swift; path = NetworkMonitor.swift; sourceTree = "<group>"; };
		B1F2A3B4C5D6E7F8 /* DailyChallengeService.swift */ = {isa = PBXFileReference; lastKnownFileType = sourcecode.swift; path = DailyChallengeService.swift; sourceTree = "<group>"; };
		C2D3E4F5A6B7C8D9 /* DailyChallengeView.swift */ = {isa = PBXFileReference; lastKnownFileType = sourcecode.swift; path = DailyChallengeView.swift; sourceTree = "<group>"; };
		F5A6B7C8D9E0F1A2 /* ThemeManager.swift */ = {isa = PBXFileReference; lastKnownFileType = sourcecode.swift; path = ThemeManager.swift; sourceTree = "<group>"; };
		B7C8D9E0F1A2B3C4 /* PublicProfileView.swift */ = {isa = PBXFileReference; lastKnownFileType = sourcecode.swift; path = PublicProfileView.swift; sourceTree = "<group>"; };
		D9E0F1A2B3C4D5E6 /* CharacterImportService.swift */ = {isa = PBXFileReference; lastKnownFileType = sourcecode.swift; path = CharacterImportService.swift; sourceTree = "<group>"; };
		A1B2C3D4E5F6A7B8 /* NotificationService.swift */ = {isa = PBXFileReference; lastKnownFileType = sourcecode.swift; path = NotificationService.swift; sourceTree = "<group>"; };
		F2A3B4C5D6E7F8A2 /* AchievementService.swift */ = {isa = PBXFileReference; lastKnownFileType = sourcecode.swift; path = AchievementService.swift; sourceTree = "<group>"; };
		B4C5D6E7F8A1B2C3 /* AchievementListView.swift */ = {isa = PBXFileReference; lastKnownFileType = sourcecode.swift; path = AchievementListView.swift; sourceTree = "<group>"; };
		D6E7F8A1B2C3D4E5 /* CommentsView.swift */ = {isa = PBXFileReference; lastKnownFileType = sourcecode.swift; path = CommentsView.swift; sourceTree = "<group>"; };
		A4B5C6D7E8F9A0B1 /* AvatarView.swift */ = {isa = PBXFileReference; lastKnownFileType = sourcecode.swift; path = AvatarView.swift; sourceTree = "<group>"; };
		C7D8E9F1A2B3C4D5 /* StatisticsView.swift */ = {isa = PBXFileReference; lastKnownFileType = sourcecode.swift; path = StatisticsView.swift; sourceTree = "<group>"; };
/* End PBXFileReference section */

/* Begin PBXFrameworksBuildPhase section */
		5C41F7662FB762AD002814AC /* Frameworks */ = {
			isa = PBXFrameworksBuildPhase;
			buildActionMask = 2147483647;
			files = (
				8419A8F92FE22A4E00F1F187 /* FirebaseAuth in Frameworks */,
				8419A8FB2FE22A4E00F1F187 /* FirebaseFirestore in Frameworks */,
				cfa353fcb4e942f2aaeeb688 /* GoogleSignIn in Frameworks */,
				1bb9053c72184407a067ee7e /* FacebookLogin in Frameworks */,
			);
			runOnlyForDeploymentPostprocessing = 0;
		};
/* End PBXFrameworksBuildPhase section */

/* Begin PBXGroup section */
		5C41F7602FB762AD002814AC = {
			isa = PBXGroup;
			children = (
				5C41F76B2FB762AD002814AC /* EduGuess */,
				5C41F76A2FB762AD002814AC /* Products */,
			);
			sourceTree = "<group>";
		};
		5C41F76A2FB762AD002814AC /* Products */ = {
			isa = PBXGroup;
			children = (
				5C41F7692FB762AD002814AC /* EduGuess.app */,
			);
			name = Products;
			sourceTree = "<group>";
		};
		5C41F76B2FB762AD002814AC /* EduGuess */ = {
			isa = PBXGroup;
			children = (
				5C41F77E2FB76306002814AC /* Services */,
				5C41F7802FB7631A002814AC /* Components */,
				5C41F77F2FB76310002814AC /* Assets */,
				5C41F77D2FB762FA002814AC /* ViewModels */,
				5C41F77C2FB762ED002814AC /* Views */,
				5C41F77A2FB762D6002814AC /* Models */,
				67865319debd451d8b493235 /* AppDelegate.swift */,
				5C41F76C2FB762AD002814AC /* EduGuessApp.swift */,
				5C41F7702FB762AF002814AC /* Assets.xcassets */,
				5C41F7722FB762AF002814AC /* Preview Content */,
			8419A9122FE24C4D00F1F187 /* characters_seed.json */,
			B4E8A41674B5A8D454E09481 /* GoogleService-Info.plist */,
			849f1b2a9c3d4e5f6a7b8c9d /* Info.plist */,
		);
			path = EduGuess;
			sourceTree = "<group>";
		};
		5C41F7722FB762AF002814AC /* Preview Content */ = {
			isa = PBXGroup;
			children = (
				5C41F7732FB762AF002814AC /* Preview Assets.xcassets */,
			);
			path = "Preview Content";
			sourceTree = "<group>";
		};
		5C41F77A2FB762D6002814AC /* Models */ = {
			isa = PBXGroup;
			children = (
				8419A9102FE24C3000F1F187 /* UserStats.swift */,
				5C41F7A32FB768F5002814AC /* AttributeDefinition.swift */,
				5C41F7812FB76392002814AC /* Character.swift */,
				5C41F7832FB763AD002814AC /* Question.swift */,
				5C41F7852FB763BF002814AC /* GameState.swift */,
			);
			path = Models;
			sourceTree = "<group>";
		};
		5C41F77C2FB762ED002814AC /* Views */ = {
			isa = PBXGroup;
			children = (
				5C41F7872FB7644B002814AC /* SplashView.swift */,
				5C41F7892FB7645C002814AC /* HomeView.swift */,
				5C41F78B2FB76483002814AC /* QuestionView.swift */,
				5C41F78D2FB76495002814AC /* CorrectGuessView.swift */,
				5C41F78F2FB764A7002814AC /* WrongGuessView.swift */,
				8419A90E2FE24C1C00F1F187 /* LeaderboardView.swift */,
				8419A90A2FE24C0E00F1F187 /* LoginView.swift */,
				8419A90B2FE24C0E00F1F187 /* ProfileView.swift */,
				C428B220D8BA4ECABF9879E8 /* CharacterListView.swift */,
				D2E02DB655844E50B1B66728 /* CharacterDetailView.swift */,
				E276652CED174BEB98DBF878 /* GameHistoryView.swift */,
				59E5ECBEC6F1489D813B0116 /* GameSessionDetailView.swift */,
				2D46A660E6874ECB87893C27 /* AdminListView.swift */,
				62734DE69DD34D1780A5F915 /* CharacterFormView.swift */,
				BDA2CEB9F95A45AFA67762E7 /* CategorySelectView.swift */,
				0A87B4F200274C708E1E9615 /* HowToPlayView.swift */,
				50B5A02971A848A5B8612E68 /* SettingsView.swift */,
		C2D3E4F5A6B7C8D9 /* DailyChallengeView.swift */,
		B7C8D9E0F1A2B3C4 /* PublicProfileView.swift */,
		B4C5D6E7F8A1B2C3 /* AchievementListView.swift */,
		D6E7F8A1B2C3D4E5 /* CommentsView.swift */,
		C7D8E9F1A2B3C4D5 /* StatisticsView.swift */,
			);
			path = Views;
			sourceTree = "<group>";
		};
		5C41F77D2FB762FA002814AC /* ViewModels */ = {
			isa = PBXGroup;
			children = (
				5C41F7912FB76722002814AC /* GameViewModel.swift */,
				8419A9082FE24BF700F1F187 /* AuthViewModel.swift */,
			);
			path = ViewModels;
			sourceTree = "<group>";
		};
		5C41F77E2FB76306002814AC /* Services */ = {
			isa = PBXGroup;
			children = (
				8419A9182FE2512800F1F187 /* SeedManager.swift */,
				8419A9162FE2511E00F1F187 /* FirebaseAuthService.swift */,
				8419A9142FE2511300F1F187 /* FirestoreService.swift */,
				5C41F7932FB7674F002814AC /* AIService.swift */,
				5C41F7952FB76760002814AC /* DataService.swift */,
		2ED9F57B001B4063966C482B /* WikiService.swift */,
		49C0D28B1AE348E8AF898FBF /* NetworkMonitor.swift */,
		B1F2A3B4C5D6E7F8 /* DailyChallengeService.swift */,
		F5A6B7C8D9E0F1A2 /* ThemeManager.swift */,
		D9E0F1A2B3C4D5E6 /* CharacterImportService.swift */,
		A1B2C3D4E5F6A7B8 /* NotificationService.swift */,
		F2A3B4C5D6E7F8A2 /* AchievementService.swift */,
			);
			path = Services;
			sourceTree = "<group>";
		};
		5C41F77F2FB76310002814AC /* Assets */ = {
			isa = PBXGroup;
			children = (
			);
			path = Assets;
			sourceTree = "<group>";
		};
		5C41F7802FB7631A002814AC /* Components */ = {
			isa = PBXGroup;
			children = (
				5C41F7972FB768B3002814AC /* AnswerButton.swift */,
				5C41F7992FB768C5002814AC /* ProgressBar.swift */,
				5C41F79B2FB768D7002814AC /* QuestionCard.swift */,
				5C41F79D2FB768E6002814AC /* RobotAvatar.swift */,
				BBF76C0802FA48A8A33CAF73 /* ToastView.swift */,
				A4B5C6D7E8F9A0B1 /* AvatarView.swift */,
		);
			path = Components;
			sourceTree = "<group>";
		};
/* End PBXGroup section */

/* Begin PBXNativeTarget section */
		5C41F7682FB762AD002814AC /* EduGuess */ = {
			isa = PBXNativeTarget;
			buildConfigurationList = 5C41F7772FB762AF002814AC /* Build configuration list for PBXNativeTarget "EduGuess" */;
			buildPhases = (
				5C41F7652FB762AD002814AC /* Sources */,
				5C41F7662FB762AD002814AC /* Frameworks */,
				5C41F7672FB762AD002814AC /* Resources */,
			);
			buildRules = (
			);
			dependencies = (
			);
			name = EduGuess;
			productName = EduGuess;
			productReference = 5C41F7692FB762AD002814AC /* EduGuess.app */;
			productType = "com.apple.product-type.application";
		};
/* End PBXNativeTarget section */

/* Begin PBXProject section */
		5C41F7612FB762AD002814AC /* Project object */ = {
			isa = PBXProject;
			attributes = {
				BuildIndependentTargetsInParallel = 1;
				LastSwiftUpdateCheck = 1420;
				LastUpgradeCheck = 1420;
				TargetAttributes = {
					5C41F7682FB762AD002814AC = {
						CreatedOnToolsVersion = 14.2;
					};
				};
			};
			buildConfigurationList = 5C41F7642FB762AD002814AC /* Build configuration list for PBXProject "EduGuess" */;
			compatibilityVersion = "Xcode 14.0";
			developmentRegion = en;
			hasScannedForEncodings = 0;
			knownRegions = (
				en,
				Base,
			);
			mainGroup = 5C41F7602FB762AD002814AC;
			packageReferences = (
				8419A8F72FE22A4E00F1F187 /* XCRemoteSwiftPackageReference "firebase-ios-sdk" */,
				58dd123747f04ab28a5c2187 /* XCRemoteSwiftPackageReference "google-signin-ios" */,
				8f171ed6146a4c578ec60b26 /* XCRemoteSwiftPackageReference "facebook-ios-sdk" */,
			);
			productRefGroup = 5C41F76A2FB762AD002814AC /* Products */;
			projectDirPath = "";
			projectRoot = "";
			targets = (
				5C41F7682FB762AD002814AC /* EduGuess */,
			);
		};
/* End PBXProject section */

/* Begin PBXResourcesBuildPhase section */
		5C41F7672FB762AD002814AC /* Resources */ = {
			isa = PBXResourcesBuildPhase;
			buildActionMask = 2147483647;
			files = (
				8419A9132FE24C4D00F1F187 /* characters_seed.json in Resources */,
				B4E8A41674B5A8D454E09482 /* GoogleService-Info.plist in Resources */,
				5C41F7742FB762AF002814AC /* Preview Assets.xcassets in Resources */,
				5C41F7712FB762AF002814AC /* Assets.xcassets in Resources */,
			);
			runOnlyForDeploymentPostprocessing = 0;
		};
/* End PBXResourcesBuildPhase section */

/* Begin PBXSourcesBuildPhase section */
		5C41F7652FB762AD002814AC /* Sources */ = {
			isa = PBXSourcesBuildPhase;
			buildActionMask = 2147483647;
			files = (
				5C41F7902FB764A7002814AC /* WrongGuessView.swift in Sources */,
				8419A9152FE2511300F1F187 /* FirestoreService.swift in Sources */,
				5C41F7962FB76760002814AC /* DataService.swift in Sources */,
				5C41F7942FB7674F002814AC /* AIService.swift in Sources */,
				5C41F78C2FB76483002814AC /* QuestionView.swift in Sources */,
				5C41F7822FB76392002814AC /* Character.swift in Sources */,
				8419A9172FE2511E00F1F187 /* FirebaseAuthService.swift in Sources */,
				8419A9112FE24C3000F1F187 /* UserStats.swift in Sources */,
				5C41F7922FB76722002814AC /* GameViewModel.swift in Sources */,
				5C41F78A2FB7645C002814AC /* HomeView.swift in Sources */,
				5C41F79E2FB768E6002814AC /* RobotAvatar.swift in Sources */,
				8419A9192FE2512800F1F187 /* SeedManager.swift in Sources */,
				5C41F7842FB763AD002814AC /* Question.swift in Sources */,
				8419A90F2FE24C1C00F1F187 /* LeaderboardView.swift in Sources */,
				5C41F78E2FB76495002814AC /* CorrectGuessView.swift in Sources */,
				5C41F7862FB763BF002814AC /* GameState.swift in Sources */,
				5C41F7982FB768B3002814AC /* AnswerButton.swift in Sources */,
				8419A9092FE24BF700F1F187 /* AuthViewModel.swift in Sources */,
				5C41F76D2FB762AD002814AC /* EduGuessApp.swift in Sources */,
				5C41F79A2FB768C5002814AC /* ProgressBar.swift in Sources */,
				5C41F7882FB7644B002814AC /* SplashView.swift in Sources */,
				5C41F79C2FB768D7002814AC /* QuestionCard.swift in Sources */,
				8419A90C2FE24C0E00F1F187 /* ProfileView.swift in Sources */,
				8419A90D2FE24C0E00F1F187 /* LoginView.swift in Sources */,
				5C41F7A12FB768F5002814AC /* AttributeDefinition.swift in Sources */,
				98e48cbe44e8485e9a1464a6 /* AppDelegate.swift in Sources */,
				FEAF48DCE3154B65892897D9 /* CharacterListView.swift in Sources */,
				B5453B7F1C7641FFAF3FB259 /* CharacterDetailView.swift in Sources */,
				C7C2ADFDDD94430DB97A19A0 /* GameHistoryView.swift in Sources */,
				8C71CE50D731437E8B47B15B /* GameSessionDetailView.swift in Sources */,
				6CE7160249AB483D9A8D6F46 /* AdminListView.swift in Sources */,
				D64C67AB393B4E018564288A /* CharacterFormView.swift in Sources */,
				A67B8E0289774930AAA1FCF8 /* CategorySelectView.swift in Sources */,
				FD06A686BE114853AD42D551 /* HowToPlayView.swift in Sources */,
				0F7ECD3786BF49CF9EA14C42 /* SettingsView.swift in Sources */,
				0AD40F38C1FE48DCAEE496C3 /* WikiService.swift in Sources */,
				4CB03316082D4124907A516B /* ToastView.swift in Sources */,
				FC01F65A1F02407DA8520A0D /* NetworkMonitor.swift in Sources */,
				D3E4F5A6B7C8D9E0 /* DailyChallengeService.swift in Sources */,
				E4F5A6B7C8D9E0F1 /* DailyChallengeView.swift in Sources */,
				A6B7C8D9E0F1A2B3 /* ThemeManager.swift in Sources */,
			C8D9E0F1A2B3C4D5 /* PublicProfileView.swift in Sources */,
			E0F1A2B3C4D5E6F7 /* CharacterImportService.swift in Sources */,
			F1A2B3C4D5E6F7A1 /* NotificationService.swift in Sources */,
			A3B4C5D6E7F8A1B2 /* AchievementService.swift in Sources */,
			C5D6E7F8A1B2C3D4 /* AchievementListView.swift in Sources */,
			E7F8A1B2C3D4E5F6 /* CommentsView.swift in Sources */,
			A4B5C6D7E8F9A0B2 /* AvatarView.swift in Sources */,
		B6C7D8E9F1A2B3C4 /* StatisticsView.swift in Sources */,
			);
			runOnlyForDeploymentPostprocessing = 0;
		};
/* End PBXSourcesBuildPhase section */

/* Begin XCBuildConfiguration section */
		5C41F7752FB762AF002814AC /* Debug */ = {
			isa = XCBuildConfiguration;
			buildSettings = {
				ALWAYS_SEARCH_USER_PATHS = NO;
				CLANG_ANALYZER_NONNULL = YES;
				CLANG_ANALYZER_NUMBER_OBJECT_CONVERSION = YES_AGGRESSIVE;
				CLANG_CXX_LANGUAGE_STANDARD = "gnu++20";
				CLANG_ENABLE_MODULES = YES;
				CLANG_ENABLE_OBJC_ARC = YES;
				CLANG_ENABLE_OBJC_WEAK = YES;
				CLANG_WARN_BLOCK_CAPTURE_AUTORELEASING = YES;
				CLANG_WARN_BOOL_CONVERSION = YES;
				CLANG_WARN_COMMA = YES;
				CLANG_WARN_CONSTANT_CONVERSION = YES;
				CLANG_WARN_DEPRECATED_OBJC_IMPLEMENTATIONS = YES;
				CLANG_WARN_DIRECT_OBJC_ISA_USAGE = YES_ERROR;
				CLANG_WARN_DOCUMENTATION_COMMENTS = YES;
				CLANG_WARN_EMPTY_BODY = YES;
				CLANG_WARN_ENUM_CONVERSION = YES;
				CLANG_WARN_INFINITE_RECURSION = YES;
				CLANG_WARN_INT_CONVERSION = YES;
				CLANG_WARN_NON_LITERAL_NULL_CONVERSION = YES;
				CLANG_WARN_OBJC_IMPLICIT_RETAIN_SELF = YES;
				CLANG_WARN_OBJC_LITERAL_CONVERSION = YES;
				CLANG_WARN_OBJC_ROOT_CLASS = YES_ERROR;
				CLANG_WARN_QUOTED_INCLUDE_IN_FRAMEWORK_HEADER = YES;
				CLANG_WARN_RANGE_LOOP_ANALYSIS = YES;
				CLANG_WARN_STRICT_PROTOTYPES = YES;
				CLANG_WARN_SUSPICIOUS_MOVE = YES;
				CLANG_WARN_UNGUARDED_AVAILABILITY = YES_AGGRESSIVE;
				CLANG_WARN_UNREACHABLE_CODE = YES;
				CLANG_WARN__DUPLICATE_METHOD_MATCH = YES;
				COPY_PHASE_STRIP = NO;
				DEBUG_INFORMATION_FORMAT = dwarf;
				ENABLE_STRICT_OBJC_MSGSEND = YES;
				ENABLE_TESTABILITY = YES;
				GCC_C_LANGUAGE_STANDARD = gnu11;
				GCC_DYNAMIC_NO_PIC = NO;
				GCC_NO_COMMON_BLOCKS = YES;
				GCC_OPTIMIZATION_LEVEL = 0;
				GCC_PREPROCESSOR_DEFINITIONS = (
					"DEBUG=1",
					"$(inherited)",
				);
				GCC_WARN_64_TO_32_BIT_CONVERSION = YES;
				GCC_WARN_ABOUT_RETURN_TYPE = YES_ERROR;
				GCC_WARN_UNDECLARED_SELECTOR = YES;
				GCC_WARN_UNINITIALIZED_AUTOS = YES_AGGRESSIVE;
				GCC_WARN_UNUSED_FUNCTION = YES;
				GCC_WARN_UNUSED_VARIABLE = YES;
				IPHONEOS_DEPLOYMENT_TARGET = 17.0;
				MTL_ENABLE_DEBUG_INFO = INCLUDE_SOURCE;
				MTL_FAST_MATH = YES;
				ONLY_ACTIVE_ARCH = YES;
				SDKROOT = iphoneos;
				SWIFT_ACTIVE_COMPILATION_CONDITIONS = DEBUG;
				SWIFT_OPTIMIZATION_LEVEL = "-Onone";
			};
			name = Debug;
		};
		5C41F7762FB762AF002814AC /* Release */ = {
			isa = XCBuildConfiguration;
			buildSettings = {
				ALWAYS_SEARCH_USER_PATHS = NO;
				CLANG_ANALYZER_NONNULL = YES;
				CLANG_ANALYZER_NUMBER_OBJECT_CONVERSION = YES_AGGRESSIVE;
				CLANG_CXX_LANGUAGE_STANDARD = "gnu++20";
				CLANG_ENABLE_MODULES = YES;
				CLANG_ENABLE_OBJC_ARC = YES;
				CLANG_ENABLE_OBJC_WEAK = YES;
				CLANG_WARN_BLOCK_CAPTURE_AUTORELEASING = YES;
				CLANG_WARN_BOOL_CONVERSION = YES;
				CLANG_WARN_COMMA = YES;
				CLANG_WARN_CONSTANT_CONVERSION = YES;
				CLANG_WARN_DEPRECATED_OBJC_IMPLEMENTATIONS = YES;
				CLANG_WARN_DIRECT_OBJC_ISA_USAGE = YES_ERROR;
				CLANG_WARN_DOCUMENTATION_COMMENTS = YES;
				CLANG_WARN_EMPTY_BODY = YES;
				CLANG_WARN_ENUM_CONVERSION = YES;
				CLANG_WARN_INFINITE_RECURSION = YES;
				CLANG_WARN_INT_CONVERSION = YES;
				CLANG_WARN_NON_LITERAL_NULL_CONVERSION = YES;
				CLANG_WARN_OBJC_IMPLICIT_RETAIN_SELF = YES;
				CLANG_WARN_OBJC_LITERAL_CONVERSION = YES;
				CLANG_WARN_OBJC_ROOT_CLASS = YES_ERROR;
				CLANG_WARN_QUOTED_INCLUDE_IN_FRAMEWORK_HEADER = YES;
				CLANG_WARN_RANGE_LOOP_ANALYSIS = YES;
				CLANG_WARN_STRICT_PROTOTYPES = YES;
				CLANG_WARN_SUSPICIOUS_MOVE = YES;
				CLANG_WARN_UNGUARDED_AVAILABILITY = YES_AGGRESSIVE;
				CLANG_WARN_UNREACHABLE_CODE = YES;
				CLANG_WARN__DUPLICATE_METHOD_MATCH = YES;
				COPY_PHASE_STRIP = NO;
				DEBUG_INFORMATION_FORMAT = "dwarf-with-dsym";
				ENABLE_NS_ASSERTIONS = NO;
				ENABLE_STRICT_OBJC_MSGSEND = YES;
				GCC_C_LANGUAGE_STANDARD = gnu11;
				GCC_NO_COMMON_BLOCKS = YES;
				GCC_WARN_64_TO_32_BIT_CONVERSION = YES;
				GCC_WARN_ABOUT_RETURN_TYPE = YES_ERROR;
				GCC_WARN_UNDECLARED_SELECTOR = YES;
				GCC_WARN_UNINITIALIZED_AUTOS = YES_AGGRESSIVE;
				GCC_WARN_UNUSED_FUNCTION = YES;
				GCC_WARN_UNUSED_VARIABLE = YES;
				IPHONEOS_DEPLOYMENT_TARGET = 17.0;
				MTL_ENABLE_DEBUG_INFO = NO;
				MTL_FAST_MATH = YES;
				SDKROOT = iphoneos;
				SWIFT_COMPILATION_MODE = wholemodule;
				SWIFT_OPTIMIZATION_LEVEL = "-O";
				VALIDATE_PRODUCT = YES;
			};
			name = Release;
		};
		5C41F7782FB762AF002814AC /* Debug */ = {
			isa = XCBuildConfiguration;
			buildSettings = {
				ASSETCATALOG_COMPILER_APPICON_NAME = AppIcon;
				ASSETCATALOG_COMPILER_GLOBAL_ACCENT_COLOR_NAME = AccentColor;
				CODE_SIGN_STYLE = Automatic;
				CURRENT_PROJECT_VERSION = 1;
				DEVELOPMENT_ASSET_PATHS = "\"EduGuess/Preview Content\"";
				ENABLE_PREVIEWS = YES;
				INFOPLIST_FILE = "EduGuess/Info.plist";
				LD_RUNPATH_SEARCH_PATHS = (
					"$(inherited)",
					"@executable_path/Frameworks",
				);
				MARKETING_VERSION = 1.0;
				PRODUCT_BUNDLE_IDENTIFIER = com.tecsup.EduGuess;
				PRODUCT_NAME = "$(TARGET_NAME)";
				SWIFT_EMIT_LOC_STRINGS = YES;
				SWIFT_VERSION = 5.0;
				TARGETED_DEVICE_FAMILY = "1,2";
			};
			name = Debug;
		};
		5C41F7792FB762AF002814AC /* Release */ = {
			isa = XCBuildConfiguration;
			buildSettings = {
				ASSETCATALOG_COMPILER_APPICON_NAME = AppIcon;
				ASSETCATALOG_COMPILER_GLOBAL_ACCENT_COLOR_NAME = AccentColor;
				CODE_SIGN_STYLE = Automatic;
				CURRENT_PROJECT_VERSION = 1;
				DEVELOPMENT_ASSET_PATHS = "\"EduGuess/Preview Content\"";
				ENABLE_PREVIEWS = YES;
				INFOPLIST_FILE = "EduGuess/Info.plist";
				LD_RUNPATH_SEARCH_PATHS = (
					"$(inherited)",
					"@executable_path/Frameworks",
				);
				MARKETING_VERSION = 1.0;
				PRODUCT_BUNDLE_IDENTIFIER = com.tecsup.EduGuess;
				PRODUCT_NAME = "$(TARGET_NAME)";
				SWIFT_EMIT_LOC_STRINGS = YES;
				SWIFT_VERSION = 5.0;
				TARGETED_DEVICE_FAMILY = "1,2";
			};
			name = Release;
		};
/* End XCBuildConfiguration section */

/* Begin XCConfigurationList section */
		5C41F7642FB762AD002814AC /* Build configuration list for PBXProject "EduGuess" */ = {
			isa = XCConfigurationList;
			buildConfigurations = (
				5C41F7752FB762AF002814AC /* Debug */,
				5C41F7762FB762AF002814AC /* Release */,
			);
			defaultConfigurationIsVisible = 0;
			defaultConfigurationName = Release;
		};
		5C41F7772FB762AF002814AC /* Build configuration list for PBXNativeTarget "EduGuess" */ = {
			isa = XCConfigurationList;
			buildConfigurations = (
				5C41F7782FB762AF002814AC /* Debug */,
				5C41F7792FB762AF002814AC /* Release */,
			);
			defaultConfigurationIsVisible = 0;
			defaultConfigurationName = Release;
		};
/* End XCConfigurationList section */

/* Begin XCRemoteSwiftPackageReference section */
		8419A8F72FE22A4E00F1F187 /* XCRemoteSwiftPackageReference "firebase-ios-sdk" */ = {
			isa = XCRemoteSwiftPackageReference;
			repositoryURL = "https://github.com/firebase/firebase-ios-sdk";
			requirement = {
				kind = upToNextMajorVersion;
				minimumVersion = 12.15.0;
			};
		};
		58dd123747f04ab28a5c2187 /* XCRemoteSwiftPackageReference "google-signin-ios" */ = {
			isa = XCRemoteSwiftPackageReference;
			repositoryURL = "https://github.com/google/GoogleSignIn-iOS";
			requirement = {
				kind = upToNextMajorVersion;
				minimumVersion = 7.0.0;
			};
		};
		8f171ed6146a4c578ec60b26 /* XCRemoteSwiftPackageReference "facebook-ios-sdk" */ = {
			isa = XCRemoteSwiftPackageReference;
			repositoryURL = "https://github.com/facebook/facebook-ios-sdk";
			requirement = {
				kind = upToNextMajorVersion;
				minimumVersion = 17.0.0;
			};
		};
/* End XCRemoteSwiftPackageReference section */

/* Begin XCSwiftPackageProductDependency section */
		8419A8F82FE22A4E00F1F187 /* FirebaseAuth */ = {
			isa = XCSwiftPackageProductDependency;
			package = 8419A8F72FE22A4E00F1F187 /* XCRemoteSwiftPackageReference "firebase-ios-sdk" */;
			productName = FirebaseAuth;
		};
		8419A8FA2FE22A4E00F1F187 /* FirebaseFirestore */ = {
			isa = XCSwiftPackageProductDependency;
			package = 8419A8F72FE22A4E00F1F187 /* XCRemoteSwiftPackageReference "firebase-ios-sdk" */;
			productName = FirebaseFirestore;
		};
		5c3b6a19cf7a475cb1839454 /* GoogleSignIn */ = {
			isa = XCSwiftPackageProductDependency;
			package = 58dd123747f04ab28a5c2187 /* XCRemoteSwiftPackageReference "google-signin-ios" */;
			productName = GoogleSignIn;
		};
		5a8835a1e9f34b82b9d6f9d7 /* FacebookLogin */ = {
			isa = XCSwiftPackageProductDependency;
			package = 8f171ed6146a4c578ec60b26 /* XCRemoteSwiftPackageReference "facebook-ios-sdk" */;
			productName = FacebookLogin;
		};
/* End XCSwiftPackageProductDependency section */
	};
	rootObject = 5C41F7612FB762AD002814AC /* Project object */;
}
