// !$*UTF8*$!
{
	archiveVersion = 1;
	classes = {
	};
	objectVersion = 56;
	objects = {

/* Begin PBXBuildFile section */
		5C41F76D2FB762AD002814AC /* EduGuessApp.swift in Sources */ = {isa = PBXBuildFile; fileRef = 5C41F76C2FB762AD002814AC /* EduGuessApp.swift */; };
		5C41F76F2FB762AD002814AC /* ContentView.swift in Sources */ = {isa = PBXBuildFile; fileRef = 5C41F76E2FB762AD002814AC /* ContentView.swift */; };
		5C41F7712FB762AF002814AC /* Assets.xcassets in Resources */ = {isa = PBXBuildFile; fileRef = 5C41F7702FB762AF002814AC /* Assets.xcassets */; };
		5C41F7742FB762AF002814AC /* Preview Assets.xcassets in Resources */ = {isa = PBXBuildFile; fileRef = 5C41F7732FB762AF002814AC /* Preview Assets.xcassets */; };
		5C41F7822FB76392002814AC /* Character.swift in Sources */ = {isa = PBXBuildFile; fileRef = 5C41F7812FB76392002814AC /* Character.swift */; };
		5C41F7842FB763AD002814AC /* Question.swift in Sources */ = {isa = PBXBuildFile; fileRef = 5C41F7832FB763AD002814AC /* Question.swift */; };
		5C41F7862FB763BF002814AC /* GameState.swift in Sources */ = {isa = PBXBuildFile; fileRef = 5C41F7852FB763BF002814AC /* GameState.swift */; };
		5C41F7882FB7644B002814AC /* SplashView.swift in Sources */ = {isa = PBXBuildFile; fileRef = 5C41F7872FB7644B002814AC /* SplashView.swift */; };
		5C41F78A2FB7645C002814AC /* HomeView.swift in Sources */ = {isa = PBXBuildFile; fileRef = 5C41F7892FB7645C002814AC /* HomeView.swift */; };
		5C41F78C2FB76483002814AC /* QuestionView.swift in Sources */ = {isa = PBXBuildFile; fileRef = 5C41F78B2FB76483002814AC /* QuestionView.swift */; };
		5C41F78E2FB76495002814AC /* CorrectGuessView.swift in Sources */ = {isa = PBXBuildFile; fileRef = 5C41F78D2FB76495002814AC /* CorrectGuessView.swift */; };
		5C41F7902FB764A7002814AC /* WrongGuessView.swift in Sources */ = {isa = PBXBuildFile; fileRef = 5C41F78F2FB764A7002814AC /* WrongGuessView.swift */; };
		5C41F7922FB76722002814AC /* GameViewModel.swift in Sources */ = {isa = PBXBuildFile; fileRef = 5C41F7912FB76722002814AC /* GameViewModel.swift */; };
		5C41F7942FB7674F002814AC /* AIService.swift in Sources */ = {isa = PBXBuildFile; fileRef = 5C41F7932FB7674F002814AC /* AIService.swift */; };
		5C41F7962FB76760002814AC /* DataService.swift in Sources */ = {isa = PBXBuildFile; fileRef = 5C41F7952FB76760002814AC /* DataService.swift */; };
		5C41F7982FB768B3002814AC /* AnswerButton.swift in Sources */ = {isa = PBXBuildFile; fileRef = 5C41F7972FB768B3002814AC /* AnswerButton.swift */; };
		5C41F79A2FB768C5002814AC /* ProgressBar.swift in Sources */ = {isa = PBXBuildFile; fileRef = 5C41F7992FB768C5002814AC /* ProgressBar.swift */; };
		5C41F79C2FB768D7002814AC /* QuestionCard.swift in Sources */ = {isa = PBXBuildFile; fileRef = 5C41F79B2FB768D7002814AC /* QuestionCard.swift */; };
		5C41F79E2FB768E6002814AC /* RobotAvatar.swift in Sources */ = {isa = PBXBuildFile; fileRef = 5C41F79D2FB768E6002814AC /* RobotAvatar.swift */; };
		5C41F7A02FB768F5002814AC /* CategoryButton.swift in Sources */ = {isa = PBXBuildFile; fileRef = 5C41F79F2FB768F5002814AC /* CategoryButton.swift */; };
/* End PBXBuildFile section */

/* Begin PBXFileReference section */
		5C41F7692FB762AD002814AC /* EduGuess.app */ = {isa = PBXFileReference; explicitFileType = wrapper.application; includeInIndex = 0; path = EduGuess.app; sourceTree = BUILT_PRODUCTS_DIR; };
		5C41F76C2FB762AD002814AC /* EduGuessApp.swift */ = {isa = PBXFileReference; lastKnownFileType = sourcecode.swift; path = EduGuessApp.swift; sourceTree = "<group>"; };
		5C41F76E2FB762AD002814AC /* ContentView.swift */ = {isa = PBXFileReference; lastKnownFileType = sourcecode.swift; path = ContentView.swift; sourceTree = "<group>"; };
		5C41F7702FB762AF002814AC /* Assets.xcassets */ = {isa = PBXFileReference; lastKnownFileType = folder.assetcatalog; path = Assets.xcassets; sourceTree = "<group>"; };
		5C41F7732FB762AF002814AC /* Preview Assets.xcassets */ = {isa = PBXFileReference; lastKnownFileType = folder.assetcatalog; path = "Preview Assets.xcassets"; sourceTree = "<group>"; };
		5C41F7812FB76392002814AC /* Character.swift */ = {isa = PBXFileReference; lastKnownFileType = sourcecode.swift; path = Character.swift; sourceTree = "<group>"; };
		5C41F7832FB763AD002814AC /* Question.swift */ = {isa = PBXFileReference; lastKnownFileType = sourcecode.swift; path = Question.swift; sourceTree = "<group>"; };
		5C41F7852FB763BF002814AC /* GameState.swift */ = {isa = PBXFileReference; lastKnownFileType = sourcecode.swift; path = GameState.swift; sourceTree = "<group>"; };
		5C41F7872FB7644B002814AC /* SplashView.swift */ = {isa = PBXFileReference; lastKnownFileType = sourcecode.swift; path = SplashView.swift; sourceTree = "<group>"; };
		5C41F7892FB7645C002814AC /* HomeView.swift */ = {isa = PBXFileReference; lastKnownFileType = sourcecode.swift; path = HomeView.swift; sourceTree = "<group>"; };
		5C41F78B2FB76483002814AC /* QuestionView.swift */ = {isa = PBXFileReference; lastKnownFileType = sourcecode.swift; path = QuestionView.swift; sourceTree = "<group>"; };
		5C41F78D2FB76495002814AC /* CorrectGuessView.swift */ = {isa = PBXFileReference; lastKnownFileType = sourcecode.swift; path = CorrectGuessView.swift; sourceTree = "<group>"; };
		5C41F78F2FB764A7002814AC /* WrongGuessView.swift */ = {isa = PBXFileReference; lastKnownFileType = sourcecode.swift; path = WrongGuessView.swift; sourceTree = "<group>"; };
		5C41F7912FB76722002814AC /* GameViewModel.swift */ = {isa = PBXFileReference; lastKnownFileType = sourcecode.swift; path = GameViewModel.swift; sourceTree = "<group>"; };
		5C41F7932FB7674F002814AC /* AIService.swift */ = {isa = PBXFileReference; lastKnownFileType = sourcecode.swift; path = AIService.swift; sourceTree = "<group>"; };
		5C41F7952FB76760002814AC /* DataService.swift */ = {isa = PBXFileReference; lastKnownFileType = sourcecode.swift; path = DataService.swift; sourceTree = "<group>"; };
		5C41F7972FB768B3002814AC /* AnswerButton.swift */ = {isa = PBXFileReference; lastKnownFileType = sourcecode.swift; path = AnswerButton.swift; sourceTree = "<group>"; };
		5C41F7992FB768C5002814AC /* ProgressBar.swift */ = {isa = PBXFileReference; lastKnownFileType = sourcecode.swift; path = ProgressBar.swift; sourceTree = "<group>"; };
		5C41F79B2FB768D7002814AC /* QuestionCard.swift */ = {isa = PBXFileReference; lastKnownFileType = sourcecode.swift; path = QuestionCard.swift; sourceTree = "<group>"; };
		5C41F79D2FB768E6002814AC /* RobotAvatar.swift */ = {isa = PBXFileReference; lastKnownFileType = sourcecode.swift; path = RobotAvatar.swift; sourceTree = "<group>"; };
		5C41F79F2FB768F5002814AC /* CategoryButton.swift */ = {isa = PBXFileReference; lastKnownFileType = sourcecode.swift; path = CategoryButton.swift; sourceTree = "<group>"; };
/* End PBXFileReference section */

/* Begin PBXFrameworksBuildPhase section */
		5C41F7662FB762AD002814AC /* Frameworks */ = {
			isa = PBXFrameworksBuildPhase;
			buildActionMask = 2147483647;
			files = (
			);
			runOnlyForDeploymentPostprocessing = 0;
		};
/* End PBXFrameworksBuildPhase section */

/* Begin PBXGroup section */
		5C41F7602FB762AD002814AC = {
			isa = PBXGroup;
			children = (
				5C41F76B2FB762AD002814AC /* EduGuess */,
				5C41F76A2FB762AD002814AC /* Products */,
			);
			sourceTree = "<group>";
		};
		5C41F76A2FB762AD002814AC /* Products */ = {
			isa = PBXGroup;
			children = (
				5C41F7692FB762AD002814AC /* EduGuess.app */,
			);
			name = Products;
			sourceTree = "<group>";
		};
		5C41F76B2FB762AD002814AC /* EduGuess */ = {
			isa = PBXGroup;
			children = (
				5C41F77E2FB76306002814AC /* Services */,
				5C41F7802FB7631A002814AC /* Components */,
				5C41F77F2FB76310002814AC /* Assets */,
				5C41F77D2FB762FA002814AC /* ViewModels */,
				5C41F77C2FB762ED002814AC /* Views */,
				5C41F77A2FB762D6002814AC /* Models */,
				5C41F76C2FB762AD002814AC /* EduGuessApp.swift */,
				5C41F76E2FB762AD002814AC /* ContentView.swift */,
				5C41F7702FB762AF002814AC /* Assets.xcassets */,
				5C41F7722FB762AF002814AC /* Preview Content */,
			);
			path = EduGuess;
			sourceTree = "<group>";
		};
		5C41F7722FB762AF002814AC /* Preview Content */ = {
			isa = PBXGroup;
			children = (
				5C41F7732FB762AF002814AC /* Preview Assets.xcassets */,
			);
			path = "Preview Content";
			sourceTree = "<group>";
		};
		5C41F77A2FB762D6002814AC /* Models */ = {
			isa = PBXGroup;
			children = (
				5C41F7812FB76392002814AC /* Character.swift */,
				5C41F7832FB763AD002814AC /* Question.swift */,
				5C41F7852FB763BF002814AC /* GameState.swift */,
			);
			path = Models;
			sourceTree = "<group>";
		};
		5C41F77C2FB762ED002814AC /* Views */ = {
			isa = PBXGroup;
			children = (
				5C41F7872FB7644B002814AC /* SplashView.swift */,
				5C41F7892FB7645C002814AC /* HomeView.swift */,
				5C41F78B2FB76483002814AC /* QuestionView.swift */,
				5C41F78D2FB76495002814AC /* CorrectGuessView.swift */,
				5C41F78F2FB764A7002814AC /* WrongGuessView.swift */,
			);
			path = Views;
			sourceTree = "<group>";
		};
		5C41F77D2FB762FA002814AC /* ViewModels */ = {
			isa = PBXGroup;
			children = (
				5C41F7912FB76722002814AC /* GameViewModel.swift */,
			);
			path = ViewModels;
			sourceTree = "<group>";
		};
		5C41F77E2FB76306002814AC /* Services */ = {
			isa = PBXGroup;
			children = (
				5C41F7932FB7674F002814AC /* AIService.swift */,
				5C41F7952FB76760002814AC /* DataService.swift */,
			);
			path = Services;
			sourceTree = "<group>";
		};
		5C41F77F2FB76310002814AC /* Assets */ = {
			isa = PBXGroup;
			children = (
			);
			path = Assets;
			sourceTree = "<group>";
		};
		5C41F7802FB7631A002814AC /* Components */ = {
			isa = PBXGroup;
			children = (
				5C41F7972FB768B3002814AC /* AnswerButton.swift */,
				5C41F7992FB768C5002814AC /* ProgressBar.swift */,
				5C41F79B2FB768D7002814AC /* QuestionCard.swift */,
				5C41F79D2FB768E6002814AC /* RobotAvatar.swift */,
				5C41F79F2FB768F5002814AC /* CategoryButton.swift */,
			);
			path = Components;
			sourceTree = "<group>";
		};
/* End PBXGroup section */

/* Begin PBXNativeTarget section */
		5C41F7682FB762AD002814AC /* EduGuess */ = {
			isa = PBXNativeTarget;
			buildConfigurationList = 5C41F7772FB762AF002814AC /* Build configuration list for PBXNativeTarget "EduGuess" */;
			buildPhases = (
				5C41F7652FB762AD002814AC /* Sources */,
				5C41F7662FB762AD002814AC /* Frameworks */,
				5C41F7672FB762AD002814AC /* Resources */,
			);
			buildRules = (
			);
			dependencies = (
			);
			name = EduGuess;
			productName = EduGuess;
			productReference = 5C41F7692FB762AD002814AC /* EduGuess.app */;
			productType = "com.apple.product-type.application";
		};
/* End PBXNativeTarget section */

/* Begin PBXProject section */
		5C41F7612FB762AD002814AC /* Project object */ = {
			isa = PBXProject;
			attributes = {
				BuildIndependentTargetsInParallel = 1;
				LastSwiftUpdateCheck = 1420;
				LastUpgradeCheck = 1420;
				TargetAttributes = {
					5C41F7682FB762AD002814AC = {
						CreatedOnToolsVersion = 14.2;
					};
				};
			};
			buildConfigurationList = 5C41F7642FB762AD002814AC /* Build configuration list for PBXProject "EduGuess" */;
			compatibilityVersion = "Xcode 14.0";
			developmentRegion = en;
			hasScannedForEncodings = 0;
			knownRegions = (
				en,
				Base,
			);
			mainGroup = 5C41F7602FB762AD002814AC;
			productRefGroup = 5C41F76A2FB762AD002814AC /* Products */;
			projectDirPath = "";
			projectRoot = "";
			targets = (
				5C41F7682FB762AD002814AC /* EduGuess */,
			);
		};
/* End PBXProject section */

/* Begin PBXResourcesBuildPhase section */
		5C41F7672FB762AD002814AC /* Resources */ = {
			isa = PBXResourcesBuildPhase;
			buildActionMask = 2147483647;
			files = (
				5C41F7742FB762AF002814AC /* Preview Assets.xcassets in Resources */,
				5C41F7712FB762AF002814AC /* Assets.xcassets in Resources */,
			);
			runOnlyForDeploymentPostprocessing = 0;
		};
/* End PBXResourcesBuildPhase section */

/* Begin PBXSourcesBuildPhase section */
		5C41F7652FB762AD002814AC /* Sources */ = {
			isa = PBXSourcesBuildPhase;
			buildActionMask = 2147483647;
			files = (
				5C41F7902FB764A7002814AC /* WrongGuessView.swift in Sources */,
				5C41F7962FB76760002814AC /* DataService.swift in Sources */,
				5C41F7942FB7674F002814AC /* AIService.swift in Sources */,
				5C41F78C2FB76483002814AC /* QuestionView.swift in Sources */,
				5C41F7822FB76392002814AC /* Character.swift in Sources */,
				5C41F7922FB76722002814AC /* GameViewModel.swift in Sources */,
				5C41F78A2FB7645C002814AC /* HomeView.swift in Sources */,
				5C41F79E2FB768E6002814AC /* RobotAvatar.swift in Sources */,
				5C41F7842FB763AD002814AC /* Question.swift in Sources */,
				5C41F7A02FB768F5002814AC /* CategoryButton.swift in Sources */,
				5C41F78E2FB76495002814AC /* CorrectGuessView.swift in Sources */,
				5C41F7862FB763BF002814AC /* GameState.swift in Sources */,
				5C41F76F2FB762AD002814AC /* ContentView.swift in Sources */,
				5C41F7982FB768B3002814AC /* AnswerButton.swift in Sources */,
				5C41F76D2FB762AD002814AC /* EduGuessApp.swift in Sources */,
				5C41F79A2FB768C5002814AC /* ProgressBar.swift in Sources */,
				5C41F7882FB7644B002814AC /* SplashView.swift in Sources */,
				5C41F79C2FB768D7002814AC /* QuestionCard.swift in Sources */,
			);
			runOnlyForDeploymentPostprocessing = 0;
		};
/* End PBXSourcesBuildPhase section */

/* Begin XCBuildConfiguration section */
		5C41F7752FB762AF002814AC /* Debug */ = {
			isa = XCBuildConfiguration;
			buildSettings = {
				ALWAYS_SEARCH_USER_PATHS = NO;
				CLANG_ANALYZER_NONNULL = YES;
				CLANG_ANALYZER_NUMBER_OBJECT_CONVERSION = YES_AGGRESSIVE;
				CLANG_CXX_LANGUAGE_STANDARD = "gnu++20";
				CLANG_ENABLE_MODULES = YES;
				CLANG_ENABLE_OBJC_ARC = YES;
				CLANG_ENABLE_OBJC_WEAK = YES;
				CLANG_WARN_BLOCK_CAPTURE_AUTORELEASING = YES;
				CLANG_WARN_BOOL_CONVERSION = YES;
				CLANG_WARN_COMMA = YES;
				CLANG_WARN_CONSTANT_CONVERSION = YES;
				CLANG_WARN_DEPRECATED_OBJC_IMPLEMENTATIONS = YES;
				CLANG_WARN_DIRECT_OBJC_ISA_USAGE = YES_ERROR;
				CLANG_WARN_DOCUMENTATION_COMMENTS = YES;
				CLANG_WARN_EMPTY_BODY = YES;
				CLANG_WARN_ENUM_CONVERSION = YES;
				CLANG_WARN_INFINITE_RECURSION = YES;
				CLANG_WARN_INT_CONVERSION = YES;
				CLANG_WARN_NON_LITERAL_NULL_CONVERSION = YES;
				CLANG_WARN_OBJC_IMPLICIT_RETAIN_SELF = YES;
				CLANG_WARN_OBJC_LITERAL_CONVERSION = YES;
				CLANG_WARN_OBJC_ROOT_CLASS = YES_ERROR;
				CLANG_WARN_QUOTED_INCLUDE_IN_FRAMEWORK_HEADER = YES;
				CLANG_WARN_RANGE_LOOP_ANALYSIS = YES;
				CLANG_WARN_STRICT_PROTOTYPES = YES;
				CLANG_WARN_SUSPICIOUS_MOVE = YES;
				CLANG_WARN_UNGUARDED_AVAILABILITY = YES_AGGRESSIVE;
				CLANG_WARN_UNREACHABLE_CODE = YES;
				CLANG_WARN__DUPLICATE_METHOD_MATCH = YES;
				COPY_PHASE_STRIP = NO;
				DEBUG_INFORMATION_FORMAT = dwarf;
				ENABLE_STRICT_OBJC_MSGSEND = YES;
				ENABLE_TESTABILITY = YES;
				GCC_C_LANGUAGE_STANDARD = gnu11;
				GCC_DYNAMIC_NO_PIC = NO;
				GCC_NO_COMMON_BLOCKS = YES;
				GCC_OPTIMIZATION_LEVEL = 0;
				GCC_PREPROCESSOR_DEFINITIONS = (
					"DEBUG=1",
					"$(inherited)",
				);
				GCC_WARN_64_TO_32_BIT_CONVERSION = YES;
				GCC_WARN_ABOUT_RETURN_TYPE = YES_ERROR;
				GCC_WARN_UNDECLARED_SELECTOR = YES;
				GCC_WARN_UNINITIALIZED_AUTOS = YES_AGGRESSIVE;
				GCC_WARN_UNUSED_FUNCTION = YES;
				GCC_WARN_UNUSED_VARIABLE = YES;
				IPHONEOS_DEPLOYMENT_TARGET = 16.2;
				MTL_ENABLE_DEBUG_INFO = INCLUDE_SOURCE;
				MTL_FAST_MATH = YES;
				ONLY_ACTIVE_ARCH = YES;
				SDKROOT = iphoneos;
				SWIFT_ACTIVE_COMPILATION_CONDITIONS = DEBUG;
				SWIFT_OPTIMIZATION_LEVEL = "-Onone";
			};
			name = Debug;
		};
		5C41F7762FB762AF002814AC /* Release */ = {
			isa = XCBuildConfiguration;
			buildSettings = {
				ALWAYS_SEARCH_USER_PATHS = NO;
				CLANG_ANALYZER_NONNULL = YES;
				CLANG_ANALYZER_NUMBER_OBJECT_CONVERSION = YES_AGGRESSIVE;
				CLANG_CXX_LANGUAGE_STANDARD = "gnu++20";
				CLANG_ENABLE_MODULES = YES;
				CLANG_ENABLE_OBJC_ARC = YES;
				CLANG_ENABLE_OBJC_WEAK = YES;
				CLANG_WARN_BLOCK_CAPTURE_AUTORELEASING = YES;
				CLANG_WARN_BOOL_CONVERSION = YES;
				CLANG_WARN_COMMA = YES;
				CLANG_WARN_CONSTANT_CONVERSION = YES;
				CLANG_WARN_DEPRECATED_OBJC_IMPLEMENTATIONS = YES;
				CLANG_WARN_DIRECT_OBJC_ISA_USAGE = YES_ERROR;
				CLANG_WARN_DOCUMENTATION_COMMENTS = YES;
				CLANG_WARN_EMPTY_BODY = YES;
				CLANG_WARN_ENUM_CONVERSION = YES;
				CLANG_WARN_INFINITE_RECURSION = YES;
				CLANG_WARN_INT_CONVERSION = YES;
				CLANG_WARN_NON_LITERAL_NULL_CONVERSION = YES;
				CLANG_WARN_OBJC_IMPLICIT_RETAIN_SELF = YES;
				CLANG_WARN_OBJC_LITERAL_CONVERSION = YES;
				CLANG_WARN_OBJC_ROOT_CLASS = YES_ERROR;
				CLANG_WARN_QUOTED_INCLUDE_IN_FRAMEWORK_HEADER = YES;
				CLANG_WARN_RANGE_LOOP_ANALYSIS = YES;
				CLANG_WARN_STRICT_PROTOTYPES = YES;
				CLANG_WARN_SUSPICIOUS_MOVE = YES;
				CLANG_WARN_UNGUARDED_AVAILABILITY = YES_AGGRESSIVE;
				CLANG_WARN_UNREACHABLE_CODE = YES;
				CLANG_WARN__DUPLICATE_METHOD_MATCH = YES;
				COPY_PHASE_STRIP = NO;
				DEBUG_INFORMATION_FORMAT = "dwarf-with-dsym";
				ENABLE_NS_ASSERTIONS = NO;
				ENABLE_STRICT_OBJC_MSGSEND = YES;
				GCC_C_LANGUAGE_STANDARD = gnu11;
				GCC_NO_COMMON_BLOCKS = YES;
				GCC_WARN_64_TO_32_BIT_CONVERSION = YES;
				GCC_WARN_ABOUT_RETURN_TYPE = YES_ERROR;
				GCC_WARN_UNDECLARED_SELECTOR = YES;
				GCC_WARN_UNINITIALIZED_AUTOS = YES_AGGRESSIVE;
				GCC_WARN_UNUSED_FUNCTION = YES;
				GCC_WARN_UNUSED_VARIABLE = YES;
				IPHONEOS_DEPLOYMENT_TARGET = 16.2;
				MTL_ENABLE_DEBUG_INFO = NO;
				MTL_FAST_MATH = YES;
				SDKROOT = iphoneos;
				SWIFT_COMPILATION_MODE = wholemodule;
				SWIFT_OPTIMIZATION_LEVEL = "-O";
				VALIDATE_PRODUCT = YES;
			};
			name = Release;
		};
		5C41F7782FB762AF002814AC /* Debug */ = {
			isa = XCBuildConfiguration;
			buildSettings = {
				ASSETCATALOG_COMPILER_APPICON_NAME = AppIcon;
				ASSETCATALOG_COMPILER_GLOBAL_ACCENT_COLOR_NAME = AccentColor;
				CODE_SIGN_STYLE = Automatic;
				CURRENT_PROJECT_VERSION = 1;
				DEVELOPMENT_ASSET_PATHS = "\"EduGuess/Preview Content\"";
				ENABLE_PREVIEWS = YES;
				GENERATE_INFOPLIST_FILE = YES;
				INFOPLIST_KEY_UIApplicationSceneManifest_Generation = YES;
				INFOPLIST_KEY_UIApplicationSupportsIndirectInputEvents = YES;
				INFOPLIST_KEY_UILaunchScreen_Generation = YES;
				INFOPLIST_KEY_UISupportedInterfaceOrientations_iPad = "UIInterfaceOrientationPortrait UIInterfaceOrientationPortraitUpsideDown UIInterfaceOrientationLandscapeLeft UIInterfaceOrientationLandscapeRight";
				INFOPLIST_KEY_UISupportedInterfaceOrientations_iPhone = "UIInterfaceOrientationPortrait UIInterfaceOrientationLandscapeLeft UIInterfaceOrientationLandscapeRight";
				LD_RUNPATH_SEARCH_PATHS = (
					"$(inherited)",
					"@executable_path/Frameworks",
				);
				MARKETING_VERSION = 1.0;
				PRODUCT_BUNDLE_IDENTIFIER = com.tecsup.EduGuess;
				PRODUCT_NAME = "$(TARGET_NAME)";
				SWIFT_EMIT_LOC_STRINGS = YES;
				SWIFT_VERSION = 5.0;
				TARGETED_DEVICE_FAMILY = "1,2";
			};
			name = Debug;
		};
		5C41F7792FB762AF002814AC /* Release */ = {
			isa = XCBuildConfiguration;
			buildSettings = {
				ASSETCATALOG_COMPILER_APPICON_NAME = AppIcon;
				ASSETCATALOG_COMPILER_GLOBAL_ACCENT_COLOR_NAME = AccentColor;
				CODE_SIGN_STYLE = Automatic;
				CURRENT_PROJECT_VERSION = 1;
				DEVELOPMENT_ASSET_PATHS = "\"EduGuess/Preview Content\"";
				ENABLE_PREVIEWS = YES;
				GENERATE_INFOPLIST_FILE = YES;
				INFOPLIST_KEY_UIApplicationSceneManifest_Generation = YES;
				INFOPLIST_KEY_UIApplicationSupportsIndirectInputEvents = YES;
				INFOPLIST_KEY_UILaunchScreen_Generation = YES;
				INFOPLIST_KEY_UISupportedInterfaceOrientations_iPad = "UIInterfaceOrientationPortrait UIInterfaceOrientationPortraitUpsideDown UIInterfaceOrientationLandscapeLeft UIInterfaceOrientationLandscapeRight";
				INFOPLIST_KEY_UISupportedInterfaceOrientations_iPhone = "UIInterfaceOrientationPortrait UIInterfaceOrientationLandscapeLeft UIInterfaceOrientationLandscapeRight";
				LD_RUNPATH_SEARCH_PATHS = (
					"$(inherited)",
					"@executable_path/Frameworks",
				);
				MARKETING_VERSION = 1.0;
				PRODUCT_BUNDLE_IDENTIFIER = com.tecsup.EduGuess;
				PRODUCT_NAME = "$(TARGET_NAME)";
				SWIFT_EMIT_LOC_STRINGS = YES;
				SWIFT_VERSION = 5.0;
				TARGETED_DEVICE_FAMILY = "1,2";
			};
			name = Release;
		};
/* End XCBuildConfiguration section */

/* Begin XCConfigurationList section */
		5C41F7642FB762AD002814AC /* Build configuration list for PBXProject "EduGuess" */ = {
			isa = XCConfigurationList;
			buildConfigurations = (
				5C41F7752FB762AF002814AC /* Debug */,
				5C41F7762FB762AF002814AC /* Release */,
			);
			defaultConfigurationIsVisible = 0;
			defaultConfigurationName = Release;
		};
		5C41F7772FB762AF002814AC /* Build configuration list for PBXNativeTarget "EduGuess" */ = {
			isa = XCConfigurationList;
			buildConfigurations = (
				5C41F7782FB762AF002814AC /* Debug */,
				5C41F7792FB762AF002814AC /* Release */,
			);
			defaultConfigurationIsVisible = 0;
			defaultConfigurationName = Release;
		};
/* End XCConfigurationList section */
	};
	rootObject = 5C41F7612FB762AD002814AC /* Project object */;
}
